
Microsoft Visual Studio Solution File, Format Version 12.00
# Visual Studio 2012
Project("{FAE04EC0-301F-11D3-BF4B-00C04F79EFBC}") = "SingletonExample", "SingletonExample\SingletonExample.csproj", "{FAD17901-7CAC-45B2-8913-6CD0C1181397}"
EndProject
Global
	GlobalSection(SolutionConfigurationPlatforms) = preSolution
		Debug|Any CPU = Debug|Any CPU
		Release|Any CPU = Release|Any CPU
	EndGlobalSection
	GlobalSection(ProjectConfigurationPlatforms) = postSolution
		{FAD17901-7CAC-45B2-8913-6CD0C1181397}.Debug|Any CPU.ActiveCfg = Debug|Any CPU
		{FAD17901-7CAC-45B2-8913-6CD0C1181397}.Debug|Any CPU.Build.0 = Debug|Any CPU
		{FAD17901-7CAC-45B2-8913-6CD0C1181397}.Release|Any CPU.ActiveCfg = Release|Any CPU
		{FAD17901-7CAC-45B2-8913-6CD0C1181397}.Release|Any CPU.Build.0 = Release|Any CPU
	EndGlobalSection
	GlobalSection(SolutionProperties) = preSolution
		HideSolutionNode = FALSE
	EndGlobalSection
EndGlobal
